<?xml version="1.0" encoding="utf-8"?>
<Project ToolsVersion="4.0" xmlns="http://schemas.microsoft.com/developer/msbuild/2003">
  <ItemGroup>
    <Filter Include="Fichiers sources">
      <UniqueIdentifier>{4FC737F1-C7A5-4376-A066-2A32D752A2FF}</UniqueIdentifier>
      <Extensions>cpp;c;cc;cxx;c++;cppm;ixx;def;odl;idl;hpj;bat;asm;asmx</Extensions>
    </Filter>
    <Filter Include="Fichiers d%27en-tête">
      <UniqueIdentifier>{93995380-89BD-4b04-88EB-625FBE52EBFB}</UniqueIdentifier>
      <Extensions>h;hh;hpp;hxx;h++;hm;inl;inc;ipp;xsd</Extensions>
    </Filter>
    <Filter Include="Fichiers de ressources">
      <UniqueIdentifier>{67DA6AB6-F800-4c08-8B7A-83BB121AAD01}</UniqueIdentifier>
      <Extensions>rc;ico;cur;bmp;dlg;rc2;rct;bin;rgs;gif;jpg;jpeg;jpe;resx;tiff;tif;png;wav;mfcribbon-ms</Extensions>
    </Filter>
    <Filter Include="Fichiers sources\TinyAES">
      <UniqueIdentifier>{f832e14c-3560-4e18-b22a-911e60d10996}</UniqueIdentifier>
    </Filter>
    <Filter Include="Fichiers sources\Wirehair">
      <UniqueIdentifier>{0a04c527-b246-452a-8c5f-3ebbbe5655c6}</UniqueIdentifier>
    </Filter>
    <Filter Include="Fichiers sources\Personnal extension">
      <UniqueIdentifier>{5f443fe4-50da-4a2b-b924-d1df8bf76249}</UniqueIdentifier>
    </Filter>
  </ItemGroup>
  <ItemGroup>
    <ClInclude Include="framework.h">
      <Filter>Fichiers d%27en-tête</Filter>
    </ClInclude>
    <ClInclude Include="targetver.h">
      <Filter>Fichiers d%27en-tête</Filter>
    </ClInclude>
    <ClInclude Include="Resource.h">
      <Filter>Fichiers d%27en-tête</Filter>
    </ClInclude>
    <ClInclude Include="include\pathHelper.h">
      <Filter>Fichiers d%27en-tête</Filter>
    </ClInclude>
    <ClInclude Include="include\WindowsExplorerHELPER.hpp">
      <Filter>Fichiers d%27en-tête</Filter>
    </ClInclude>
    <ClInclude Include="include\Translator.hpp">
      <Filter>Fichiers d%27en-tête</Filter>
    </ClInclude>
  </ItemGroup>
  <ItemGroup>
    <ClCompile Include="NZArchive.cpp">
      <Filter>Fichiers sources</Filter>
    </ClCompile>
    <ClCompile Include="include\tinyaes.c">
      <Filter>Fichiers sources\TinyAES</Filter>
    </ClCompile>
    <ClCompile Include="include\wirehair\wirehair.cpp">
      <Filter>Fichiers sources\Wirehair</Filter>
    </ClCompile>
    <ClCompile Include="include\wirehair\WirehairCodec.cpp">
      <Filter>Fichiers sources\Wirehair</Filter>
    </ClCompile>
    <ClCompile Include="include\wirehair\WirehairTools.cpp">
      <Filter>Fichiers sources\Wirehair</Filter>
    </ClCompile>
    <ClCompile Include="include\wirehair\gf256.cpp">
      <Filter>Fichiers sources\Wirehair</Filter>
    </ClCompile>
    <ClCompile Include="include\WindowsExplorerHELPER.cpp">
      <Filter>Fichiers sources\Personnal extension</Filter>
    </ClCompile>
  </ItemGroup>
  <ItemGroup>
    <ResourceCompile Include="NZArchive.rc">
      <Filter>Fichiers de ressources</Filter>
    </ResourceCompile>
  </ItemGroup>
  <ItemGroup>
    <Image Include="ExtraFiles\small.ico">
      <Filter>Fichiers de ressources</Filter>
    </Image>
    <Image Include="ExtraFiles\NZArchive.ico">
      <Filter>Fichiers de ressources</Filter>
    </Image>
    <Image Include="ExtraFiles\NZAico64.ico">
      <Filter>Fichiers de ressources</Filter>
    </Image>
    <Image Include="ExtraFiles\_ABOUT.png.ico">
      <Filter>Fichiers de ressources</Filter>
    </Image>
    <Image Include="ExtraFiles\_ADDTO.png.ico">
      <Filter>Fichiers de ressources</Filter>
    </Image>
    <Image Include="ExtraFiles\_ARCINFO.png.ico">
      <Filter>Fichiers de ressources</Filter>
    </Image>
    <Image Include="ExtraFiles\_CREATE.png.ico">
      <Filter>Fichiers de ressources</Filter>
    </Image>
    <Image Include="ExtraFiles\_DELETE.png.ico">
      <Filter>Fichiers de ressources</Filter>
    </Image>
    <Image Include="ExtraFiles\_EXTRACTALL.png.ico">
      <Filter>Fichiers de ressources</Filter>
    </Image>
    <Image Include="ExtraFiles\_EXTRACTSEL.png.ico">
      <Filter>Fichiers de ressources</Filter>
    </Image>
    <Image Include="ExtraFiles\_FILTER.png.ico">
      <Filter>Fichiers de ressources</Filter>
    </Image>
    <Image Include="ExtraFiles\_LANG.png.ico">
      <Filter>Fichiers de ressources</Filter>
    </Image>
    <Image Include="ExtraFiles\_OPEN.png.ico">
      <Filter>Fichiers de ressources</Filter>
    </Image>
    <Image Include="ExtraFiles\_TEST.png.ico">
      <Filter>Fichiers de ressources</Filter>
    </Image>
  </ItemGroup>
</Project>